
Microsoft Visual Studio Solution File, Format Version 12.00
# Visual Studio Version 17
VisualStudioVersion = 17.6.33829.357
MinimumVisualStudioVersion = 10.0.40219.1
Project("{FAE04EC0-301F-11D3-BF4B-00C04F79EFBC}") = "ejemplo1", "ejemplo1\ejemplo1.csproj", "{331ADB59-3EB7-4187-9A69-DD6B45E00A48}"
EndProject
Global
	GlobalSection(SolutionConfigurationPlatforms) = preSolution
		Debug|Any CPU = Debug|Any CPU
		Release|Any CPU = Release|Any CPU
	EndGlobalSection
	GlobalSection(ProjectConfigurationPlatforms) = postSolution
		{331ADB59-3EB7-4187-9A69-DD6B45E00A48}.Debug|Any CPU.ActiveCfg = Debug|Any CPU
		{331ADB59-3EB7-4187-9A69-DD6B45E00A48}.Debug|Any CPU.Build.0 = Debug|Any CPU
		{331ADB59-3EB7-4187-9A69-DD6B45E00A48}.Release|Any CPU.ActiveCfg = Release|Any CPU
		{331ADB59-3EB7-4187-9A69-DD6B45E00A48}.Release|Any CPU.Build.0 = Release|Any CPU
	EndGlobalSection
	GlobalSection(SolutionProperties) = preSolution
		HideSolutionNode = FALSE
	EndGlobalSection
	GlobalSection(ExtensibilityGlobals) = postSolution
		SolutionGuid = {22BFA44B-9DE1-4611-BD22-DAAB44ACE056}
	EndGlobalSection
EndGlobal
