
Microsoft Visual Studio Solution File, Format Version 12.00
# Visual Studio Version 17
VisualStudioVersion = 17.6.33829.357
MinimumVisualStudioVersion = 10.0.40219.1
Project("{FAE04EC0-301F-11D3-BF4B-00C04F79EFBC}") = "Ejemplo1", "Ejemplo1\Ejemplo1.csproj", "{D60028C1-4EF7-498E-971F-73273F29D3A0}"
EndProject
Project("{FAE04EC0-301F-11D3-BF4B-00C04F79EFBC}") = "Ejemplo2", "Ejemplo2\Ejemplo2.csproj", "{4C6186A4-421D-4C6C-BEC4-E65820B4499A}"
EndProject
Global
	GlobalSection(SolutionConfigurationPlatforms) = preSolution
		Debug|Any CPU = Debug|Any CPU
		Release|Any CPU = Release|Any CPU
	EndGlobalSection
	GlobalSection(ProjectConfigurationPlatforms) = postSolution
		{D60028C1-4EF7-498E-971F-73273F29D3A0}.Debug|Any CPU.ActiveCfg = Debug|Any CPU
		{D60028C1-4EF7-498E-971F-73273F29D3A0}.Debug|Any CPU.Build.0 = Debug|Any CPU
		{D60028C1-4EF7-498E-971F-73273F29D3A0}.Release|Any CPU.ActiveCfg = Release|Any CPU
		{D60028C1-4EF7-498E-971F-73273F29D3A0}.Release|Any CPU.Build.0 = Release|Any CPU
		{4C6186A4-421D-4C6C-BEC4-E65820B4499A}.Debug|Any CPU.ActiveCfg = Debug|Any CPU
		{4C6186A4-421D-4C6C-BEC4-E65820B4499A}.Debug|Any CPU.Build.0 = Debug|Any CPU
		{4C6186A4-421D-4C6C-BEC4-E65820B4499A}.Release|Any CPU.ActiveCfg = Release|Any CPU
		{4C6186A4-421D-4C6C-BEC4-E65820B4499A}.Release|Any CPU.Build.0 = Release|Any CPU
	EndGlobalSection
	GlobalSection(SolutionProperties) = preSolution
		HideSolutionNode = FALSE
	EndGlobalSection
	GlobalSection(ExtensibilityGlobals) = postSolution
		SolutionGuid = {778EDDA5-1AA2-4DCF-9F49-E488D39C54D2}
	EndGlobalSection
EndGlobal
